
Microsoft Visual Studio Solution File, Format Version 12.00
# Visual Studio 14
VisualStudioVersion = 14.0.25420.1
MinimumVisualStudioVersion = 10.0.40219.1
Project("{FAE04EC0-301F-11D3-BF4B-00C04F79EFBC}") = "QuieroPizza.Web", "QuieroPizza.Web\QuieroPizza.Web.csproj", "{53191848-1950-4C05-8F11-3E9453967963}"
EndProject
Project("{FAE04EC0-301F-11D3-BF4B-00C04F79EFBC}") = "QuieroPizzaAdmin.Web", "QuieroPizzaAdmin.Web\QuieroPizzaAdmin.Web.csproj", "{F7638DCD-3FDF-4A2B-8FA8-FF1D83847288}"
EndProject
Project("{FAE04EC0-301F-11D3-BF4B-00C04F79EFBC}") = "QuieroPizza.BL", "QuieroPizza.BL\QuieroPizza.BL.csproj", "{2CB9FC3E-4F2D-4C43-B5C8-0A0084790005}"
EndProject
Project("{FAE04EC0-301F-11D3-BF4B-00C04F79EFBC}") = "QuieroPizza.Win", "QuieroPizza.Win\QuieroPizza.Win.csproj", "{2B2DC279-0F8A-4345-BE23-1B0E591D0FA3}"
EndProject
Global
	GlobalSection(SolutionConfigurationPlatforms) = preSolution
		Debug|Any CPU = Debug|Any CPU
		Release|Any CPU = Release|Any CPU
	EndGlobalSection
	GlobalSection(ProjectConfigurationPlatforms) = postSolution
		{53191848-1950-4C05-8F11-3E9453967963}.Debug|Any CPU.ActiveCfg = Debug|Any CPU
		{53191848-1950-4C05-8F11-3E9453967963}.Debug|Any CPU.Build.0 = Debug|Any CPU
		{53191848-1950-4C05-8F11-3E9453967963}.Release|Any CPU.ActiveCfg = Release|Any CPU
		{53191848-1950-4C05-8F11-3E9453967963}.Release|Any CPU.Build.0 = Release|Any CPU
		{F7638DCD-3FDF-4A2B-8FA8-FF1D83847288}.Debug|Any CPU.ActiveCfg = Debug|Any CPU
		{F7638DCD-3FDF-4A2B-8FA8-FF1D83847288}.Debug|Any CPU.Build.0 = Debug|Any CPU
		{F7638DCD-3FDF-4A2B-8FA8-FF1D83847288}.Release|Any CPU.ActiveCfg = Release|Any CPU
		{F7638DCD-3FDF-4A2B-8FA8-FF1D83847288}.Release|Any CPU.Build.0 = Release|Any CPU
		{2CB9FC3E-4F2D-4C43-B5C8-0A0084790005}.Debug|Any CPU.ActiveCfg = Debug|Any CPU
		{2CB9FC3E-4F2D-4C43-B5C8-0A0084790005}.Debug|Any CPU.Build.0 = Debug|Any CPU
		{2CB9FC3E-4F2D-4C43-B5C8-0A0084790005}.Release|Any CPU.ActiveCfg = Release|Any CPU
		{2CB9FC3E-4F2D-4C43-B5C8-0A0084790005}.Release|Any CPU.Build.0 = Release|Any CPU
		{2B2DC279-0F8A-4345-BE23-1B0E591D0FA3}.Debug|Any CPU.ActiveCfg = Debug|Any CPU
		{2B2DC279-0F8A-4345-BE23-1B0E591D0FA3}.Debug|Any CPU.Build.0 = Debug|Any CPU
		{2B2DC279-0F8A-4345-BE23-1B0E591D0FA3}.Release|Any CPU.ActiveCfg = Release|Any CPU
		{2B2DC279-0F8A-4345-BE23-1B0E591D0FA3}.Release|Any CPU.Build.0 = Release|Any CPU
	EndGlobalSection
	GlobalSection(SolutionProperties) = preSolution
		HideSolutionNode = FALSE
	EndGlobalSection
EndGlobal
